
Microsoft Visual Studio Solution File, Format Version 12.00
# Visual Studio Version 17
VisualStudioVersion = 17.4.33213.308
MinimumVisualStudioVersion = 10.0.40219.1
Project("{9A19103F-16F7-4668-BE54-9A1E7A4F7556}") = "ConyGreen.DAO", "ConyGreen.DAO\ConyGreen.DAO.csproj", "{2930CBC8-805B-4C7D-B4D5-52E9C516FAD1}"
EndProject
Project("{9A19103F-16F7-4668-BE54-9A1E7A4F7556}") = "ConyGreen.API", "ConyGreen.API\ConyGreen.API.csproj", "{B7E768DC-C1AF-439C-B6EA-61B3571B246C}"
EndProject
Global
	GlobalSection(SolutionConfigurationPlatforms) = preSolution
		Debug|Any CPU = Debug|Any CPU
		Release|Any CPU = Release|Any CPU
	EndGlobalSection
	GlobalSection(ProjectConfigurationPlatforms) = postSolution
		{2930CBC8-805B-4C7D-B4D5-52E9C516FAD1}.Debug|Any CPU.ActiveCfg = Debug|Any CPU
		{2930CBC8-805B-4C7D-B4D5-52E9C516FAD1}.Debug|Any CPU.Build.0 = Debug|Any CPU
		{2930CBC8-805B-4C7D-B4D5-52E9C516FAD1}.Release|Any CPU.ActiveCfg = Release|Any CPU
		{2930CBC8-805B-4C7D-B4D5-52E9C516FAD1}.Release|Any CPU.Build.0 = Release|Any CPU
		{B7E768DC-C1AF-439C-B6EA-61B3571B246C}.Debug|Any CPU.ActiveCfg = Debug|Any CPU
		{B7E768DC-C1AF-439C-B6EA-61B3571B246C}.Debug|Any CPU.Build.0 = Debug|Any CPU
		{B7E768DC-C1AF-439C-B6EA-61B3571B246C}.Release|Any CPU.ActiveCfg = Release|Any CPU
		{B7E768DC-C1AF-439C-B6EA-61B3571B246C}.Release|Any CPU.Build.0 = Release|Any CPU
	EndGlobalSection
	GlobalSection(SolutionProperties) = preSolution
		HideSolutionNode = FALSE
	EndGlobalSection
	GlobalSection(ExtensibilityGlobals) = postSolution
		SolutionGuid = {DB59D329-59DD-4ECD-8149-CA72D38A8C24}
	EndGlobalSection
EndGlobal
